
Microsoft Visual Studio Solution File, Format Version 12.00
# Visual Studio 15
VisualStudioVersion = 15.0.28307.168
MinimumVisualStudioVersion = 10.0.40219.1
Project("{8BC9CEB8-8B4A-11D0-8D11-00A0C91BC942}") = "Insertion-Sort", "Insertion-Sort\Insertion-Sort.vcxproj", "{D3CCB491-3AD6-49AD-B28B-CCEA9FF423EF}"
EndProject
Project("{8BC9CEB8-8B4A-11D0-8D11-00A0C91BC942}") = "Merge-Sort", "Merg-Sort\Merg-Sort.vcxproj", "{7233BAFE-0CA1-4BFF-9AD6-1CEBFE2D7151}"
EndProject
Project("{8BC9CEB8-8B4A-11D0-8D11-00A0C91BC942}") = "TestForMod", "TestForMod\TestForMod.vcxproj", "{5D6BEF2D-2856-4180-9BF5-66706CE58164}"
EndProject
Project("{8BC9CEB8-8B4A-11D0-8D11-00A0C91BC942}") = "Maximum-Subarray", "Maximum-Subarray\Maximum-Subarray.vcxproj", "{3467E7F5-F259-4A35-BC9C-44FA7185FBC2}"
EndProject
Project("{8BC9CEB8-8B4A-11D0-8D11-00A0C91BC942}") = "HeapSort", "HeapSort\HeapSort.vcxproj", "{BAEBBE4A-19B1-4F8D-922E-F630DDC17C3B}"
EndProject
Project("{8BC9CEB8-8B4A-11D0-8D11-00A0C91BC942}") = "MatrixMutiplicationStrassenAlgorithms", "MatrixMutiplicationStrassenAlgorithms\MatrixMutiplicationStrassenAlgorithms.vcxproj", "{89AE0D75-5C70-4BF6-99EB-1A36CC1E732E}"
EndProject
Project("{2150E333-8FDC-42A3-9474-1A3956D46DE8}") = "Solution Items", "Solution Items", "{E81473B4-E2DD-4C03-8C8D-004458F15EE8}"
	ProjectSection(SolutionItems) = preProject
		README.md = README.md
	EndProjectSection
EndProject
Project("{8BC9CEB8-8B4A-11D0-8D11-00A0C91BC942}") = "QuickSort", "QuickSort\QuickSort.vcxproj", "{496881FC-8A75-4BE8-9CF8-9DEFEB0CEF56}"
EndProject
Global
	GlobalSection(SolutionConfigurationPlatforms) = preSolution
		Debug|x64 = Debug|x64
		Debug|x86 = Debug|x86
		Release|x64 = Release|x64
		Release|x86 = Release|x86
	EndGlobalSection
	GlobalSection(ProjectConfigurationPlatforms) = postSolution
		{D3CCB491-3AD6-49AD-B28B-CCEA9FF423EF}.Debug|x64.ActiveCfg = Debug|x64
		{D3CCB491-3AD6-49AD-B28B-CCEA9FF423EF}.Debug|x64.Build.0 = Debug|x64
		{D3CCB491-3AD6-49AD-B28B-CCEA9FF423EF}.Debug|x86.ActiveCfg = Debug|Win32
		{D3CCB491-3AD6-49AD-B28B-CCEA9FF423EF}.Debug|x86.Build.0 = Debug|Win32
		{D3CCB491-3AD6-49AD-B28B-CCEA9FF423EF}.Release|x64.ActiveCfg = Release|x64
		{D3CCB491-3AD6-49AD-B28B-CCEA9FF423EF}.Release|x64.Build.0 = Release|x64
		{D3CCB491-3AD6-49AD-B28B-CCEA9FF423EF}.Release|x86.ActiveCfg = Release|Win32
		{D3CCB491-3AD6-49AD-B28B-CCEA9FF423EF}.Release|x86.Build.0 = Release|Win32
		{7233BAFE-0CA1-4BFF-9AD6-1CEBFE2D7151}.Debug|x64.ActiveCfg = Debug|x64
		{7233BAFE-0CA1-4BFF-9AD6-1CEBFE2D7151}.Debug|x64.Build.0 = Debug|x64
		{7233BAFE-0CA1-4BFF-9AD6-1CEBFE2D7151}.Debug|x86.ActiveCfg = Debug|Win32
		{7233BAFE-0CA1-4BFF-9AD6-1CEBFE2D7151}.Debug|x86.Build.0 = Debug|Win32
		{7233BAFE-0CA1-4BFF-9AD6-1CEBFE2D7151}.Release|x64.ActiveCfg = Release|x64
		{7233BAFE-0CA1-4BFF-9AD6-1CEBFE2D7151}.Release|x64.Build.0 = Release|x64
		{7233BAFE-0CA1-4BFF-9AD6-1CEBFE2D7151}.Release|x86.ActiveCfg = Release|Win32
		{7233BAFE-0CA1-4BFF-9AD6-1CEBFE2D7151}.Release|x86.Build.0 = Release|Win32
		{5D6BEF2D-2856-4180-9BF5-66706CE58164}.Debug|x64.ActiveCfg = Debug|x64
		{5D6BEF2D-2856-4180-9BF5-66706CE58164}.Debug|x64.Build.0 = Debug|x64
		{5D6BEF2D-2856-4180-9BF5-66706CE58164}.Debug|x86.ActiveCfg = Debug|Win32
		{5D6BEF2D-2856-4180-9BF5-66706CE58164}.Debug|x86.Build.0 = Debug|Win32
		{5D6BEF2D-2856-4180-9BF5-66706CE58164}.Release|x64.ActiveCfg = Release|x64
		{5D6BEF2D-2856-4180-9BF5-66706CE58164}.Release|x64.Build.0 = Release|x64
		{5D6BEF2D-2856-4180-9BF5-66706CE58164}.Release|x86.ActiveCfg = Release|Win32
		{5D6BEF2D-2856-4180-9BF5-66706CE58164}.Release|x86.Build.0 = Release|Win32
		{3467E7F5-F259-4A35-BC9C-44FA7185FBC2}.Debug|x64.ActiveCfg = Debug|x64
		{3467E7F5-F259-4A35-BC9C-44FA7185FBC2}.Debug|x64.Build.0 = Debug|x64
		{3467E7F5-F259-4A35-BC9C-44FA7185FBC2}.Debug|x86.ActiveCfg = Debug|Win32
		{3467E7F5-F259-4A35-BC9C-44FA7185FBC2}.Debug|x86.Build.0 = Debug|Win32
		{3467E7F5-F259-4A35-BC9C-44FA7185FBC2}.Release|x64.ActiveCfg = Release|x64
		{3467E7F5-F259-4A35-BC9C-44FA7185FBC2}.Release|x64.Build.0 = Release|x64
		{3467E7F5-F259-4A35-BC9C-44FA7185FBC2}.Release|x86.ActiveCfg = Release|Win32
		{3467E7F5-F259-4A35-BC9C-44FA7185FBC2}.Release|x86.Build.0 = Release|Win32
		{BAEBBE4A-19B1-4F8D-922E-F630DDC17C3B}.Debug|x64.ActiveCfg = Debug|x64
		{BAEBBE4A-19B1-4F8D-922E-F630DDC17C3B}.Debug|x64.Build.0 = Debug|x64
		{BAEBBE4A-19B1-4F8D-922E-F630DDC17C3B}.Debug|x86.ActiveCfg = Debug|Win32
		{BAEBBE4A-19B1-4F8D-922E-F630DDC17C3B}.Debug|x86.Build.0 = Debug|Win32
		{BAEBBE4A-19B1-4F8D-922E-F630DDC17C3B}.Release|x64.ActiveCfg = Release|x64
		{BAEBBE4A-19B1-4F8D-922E-F630DDC17C3B}.Release|x64.Build.0 = Release|x64
		{BAEBBE4A-19B1-4F8D-922E-F630DDC17C3B}.Release|x86.ActiveCfg = Release|Win32
		{BAEBBE4A-19B1-4F8D-922E-F630DDC17C3B}.Release|x86.Build.0 = Release|Win32
		{89AE0D75-5C70-4BF6-99EB-1A36CC1E732E}.Debug|x64.ActiveCfg = Debug|x64
		{89AE0D75-5C70-4BF6-99EB-1A36CC1E732E}.Debug|x64.Build.0 = Debug|x64
		{89AE0D75-5C70-4BF6-99EB-1A36CC1E732E}.Debug|x86.ActiveCfg = Debug|Win32
		{89AE0D75-5C70-4BF6-99EB-1A36CC1E732E}.Debug|x86.Build.0 = Debug|Win32
		{89AE0D75-5C70-4BF6-99EB-1A36CC1E732E}.Release|x64.ActiveCfg = Release|x64
		{89AE0D75-5C70-4BF6-99EB-1A36CC1E732E}.Release|x64.Build.0 = Release|x64
		{89AE0D75-5C70-4BF6-99EB-1A36CC1E732E}.Release|x86.ActiveCfg = Release|Win32
		{89AE0D75-5C70-4BF6-99EB-1A36CC1E732E}.Release|x86.Build.0 = Release|Win32
		{496881FC-8A75-4BE8-9CF8-9DEFEB0CEF56}.Debug|x64.ActiveCfg = Debug|x64
		{496881FC-8A75-4BE8-9CF8-9DEFEB0CEF56}.Debug|x64.Build.0 = Debug|x64
		{496881FC-8A75-4BE8-9CF8-9DEFEB0CEF56}.Debug|x86.ActiveCfg = Debug|Win32
		{496881FC-8A75-4BE8-9CF8-9DEFEB0CEF56}.Debug|x86.Build.0 = Debug|Win32
		{496881FC-8A75-4BE8-9CF8-9DEFEB0CEF56}.Release|x64.ActiveCfg = Release|x64
		{496881FC-8A75-4BE8-9CF8-9DEFEB0CEF56}.Release|x64.Build.0 = Release|x64
		{496881FC-8A75-4BE8-9CF8-9DEFEB0CEF56}.Release|x86.ActiveCfg = Release|Win32
		{496881FC-8A75-4BE8-9CF8-9DEFEB0CEF56}.Release|x86.Build.0 = Release|Win32
	EndGlobalSection
	GlobalSection(SolutionProperties) = preSolution
		HideSolutionNode = FALSE
	EndGlobalSection
	GlobalSection(ExtensibilityGlobals) = postSolution
		SolutionGuid = {67B3A2F0-ACD7-42F8-8B43-0ABDCB14BD6F}
	EndGlobalSection
EndGlobal
